
Microsoft Visual Studio Solution File, Format Version 12.00
# Visual Studio Version 16
VisualStudioVersion = 16.0.29709.97
MinimumVisualStudioVersion = 10.0.40219.1
Project("{2150E333-8FDC-42A3-9474-1A3956D46DE8}") = "src", "src", "{8CA1B547-8E76-4D6E-93D1-2C48CAD15952}"
EndProject
Project("{2150E333-8FDC-42A3-9474-1A3956D46DE8}") = "test", "test", "{07F44B9C-0A08-4BCF-A73C-E5019BAC8F29}"
EndProject
Project("{2150E333-8FDC-42A3-9474-1A3956D46DE8}") = "examples", "examples", "{0C2273D7-086D-4C82-9652-A2F7CBB52167}"
EndProject
Project("{9A19103F-16F7-4668-BE54-9A1E7A4F7556}") = "Kong", "src\Kong\Kong.csproj", "{B147147B-AA61-4976-A73E-DC992953E33F}"
EndProject
Project("{9A19103F-16F7-4668-BE54-9A1E7A4F7556}") = "Kong.XUnitTest", "test\Kong.XUnitTest\Kong.XUnitTest.csproj", "{09E54672-4D2E-47E1-8FBF-448A81E54290}"
EndProject
Project("{9A19103F-16F7-4668-BE54-9A1E7A4F7556}") = "Kong.Example", "examples\Kong.Example\Kong.Example.csproj", "{2DD608CE-42B0-43C4-A1CF-1E4C7B3FC4A8}"
EndProject
Project("{9A19103F-16F7-4668-BE54-9A1E7A4F7556}") = "Kong.Extensions", "src\Kong.Extensions\Kong.Extensions.csproj", "{5E502C61-F3A2-4081-8CA6-6B7DBD732F7B}"
EndProject
Global
	GlobalSection(SolutionConfigurationPlatforms) = preSolution
		Debug|Any CPU = Debug|Any CPU
		Release|Any CPU = Release|Any CPU
	EndGlobalSection
	GlobalSection(ProjectConfigurationPlatforms) = postSolution
		{B147147B-AA61-4976-A73E-DC992953E33F}.Debug|Any CPU.ActiveCfg = Debug|Any CPU
		{B147147B-AA61-4976-A73E-DC992953E33F}.Debug|Any CPU.Build.0 = Debug|Any CPU
		{B147147B-AA61-4976-A73E-DC992953E33F}.Release|Any CPU.ActiveCfg = Release|Any CPU
		{B147147B-AA61-4976-A73E-DC992953E33F}.Release|Any CPU.Build.0 = Release|Any CPU
		{09E54672-4D2E-47E1-8FBF-448A81E54290}.Debug|Any CPU.ActiveCfg = Debug|Any CPU
		{09E54672-4D2E-47E1-8FBF-448A81E54290}.Debug|Any CPU.Build.0 = Debug|Any CPU
		{09E54672-4D2E-47E1-8FBF-448A81E54290}.Release|Any CPU.ActiveCfg = Release|Any CPU
		{09E54672-4D2E-47E1-8FBF-448A81E54290}.Release|Any CPU.Build.0 = Release|Any CPU
		{2DD608CE-42B0-43C4-A1CF-1E4C7B3FC4A8}.Debug|Any CPU.ActiveCfg = Debug|Any CPU
		{2DD608CE-42B0-43C4-A1CF-1E4C7B3FC4A8}.Debug|Any CPU.Build.0 = Debug|Any CPU
		{2DD608CE-42B0-43C4-A1CF-1E4C7B3FC4A8}.Release|Any CPU.ActiveCfg = Release|Any CPU
		{2DD608CE-42B0-43C4-A1CF-1E4C7B3FC4A8}.Release|Any CPU.Build.0 = Release|Any CPU
		{5E502C61-F3A2-4081-8CA6-6B7DBD732F7B}.Debug|Any CPU.ActiveCfg = Debug|Any CPU
		{5E502C61-F3A2-4081-8CA6-6B7DBD732F7B}.Debug|Any CPU.Build.0 = Debug|Any CPU
		{5E502C61-F3A2-4081-8CA6-6B7DBD732F7B}.Release|Any CPU.ActiveCfg = Release|Any CPU
		{5E502C61-F3A2-4081-8CA6-6B7DBD732F7B}.Release|Any CPU.Build.0 = Release|Any CPU
	EndGlobalSection
	GlobalSection(SolutionProperties) = preSolution
		HideSolutionNode = FALSE
	EndGlobalSection
	GlobalSection(NestedProjects) = preSolution
		{B147147B-AA61-4976-A73E-DC992953E33F} = {8CA1B547-8E76-4D6E-93D1-2C48CAD15952}
		{09E54672-4D2E-47E1-8FBF-448A81E54290} = {07F44B9C-0A08-4BCF-A73C-E5019BAC8F29}
		{2DD608CE-42B0-43C4-A1CF-1E4C7B3FC4A8} = {0C2273D7-086D-4C82-9652-A2F7CBB52167}
		{5E502C61-F3A2-4081-8CA6-6B7DBD732F7B} = {8CA1B547-8E76-4D6E-93D1-2C48CAD15952}
	EndGlobalSection
	GlobalSection(ExtensibilityGlobals) = postSolution
		SolutionGuid = {A4FA79A4-B0E0-4B0B-BA5F-F54D87005FA0}
	EndGlobalSection
EndGlobal
